
Microsoft Visual Studio Solution File, Format Version 12.00
# Visual Studio Version 17
VisualStudioVersion = 17.4.33213.308
MinimumVisualStudioVersion = 10.0.40219.1
Project("{FAE04EC0-301F-11D3-BF4B-00C04F79EFBC}") = "NummArray", "NummArray\NummArray.csproj", "{CAA65DC9-14C5-410C-9359-1D43D72F0A25}"
EndProject
Global
	GlobalSection(SolutionConfigurationPlatforms) = preSolution
		Debug|Any CPU = Debug|Any CPU
		Release|Any CPU = Release|Any CPU
	EndGlobalSection
	GlobalSection(ProjectConfigurationPlatforms) = postSolution
		{CAA65DC9-14C5-410C-9359-1D43D72F0A25}.Debug|Any CPU.ActiveCfg = Debug|Any CPU
		{CAA65DC9-14C5-410C-9359-1D43D72F0A25}.Debug|Any CPU.Build.0 = Debug|Any CPU
		{CAA65DC9-14C5-410C-9359-1D43D72F0A25}.Release|Any CPU.ActiveCfg = Release|Any CPU
		{CAA65DC9-14C5-410C-9359-1D43D72F0A25}.Release|Any CPU.Build.0 = Release|Any CPU
	EndGlobalSection
	GlobalSection(SolutionProperties) = preSolution
		HideSolutionNode = FALSE
	EndGlobalSection
	GlobalSection(ExtensibilityGlobals) = postSolution
		SolutionGuid = {841C1A2F-380F-4A21-ACFF-6D85D4D07BF0}
	EndGlobalSection
EndGlobal
