
Microsoft Visual Studio Solution File, Format Version 12.00
# Visual Studio Version 17
VisualStudioVersion = 17.4.33213.308
MinimumVisualStudioVersion = 10.0.40219.1
Project("{FAE04EC0-301F-11D3-BF4B-00C04F79EFBC}") = "CountingBits", "CountingBits\CountingBits.csproj", "{5811DB14-41D5-47B1-9733-79BC0BC3D6CC}"
EndProject
Global
	GlobalSection(SolutionConfigurationPlatforms) = preSolution
		Debug|Any CPU = Debug|Any CPU
		Release|Any CPU = Release|Any CPU
	EndGlobalSection
	GlobalSection(ProjectConfigurationPlatforms) = postSolution
		{5811DB14-41D5-47B1-9733-79BC0BC3D6CC}.Debug|Any CPU.ActiveCfg = Debug|Any CPU
		{5811DB14-41D5-47B1-9733-79BC0BC3D6CC}.Debug|Any CPU.Build.0 = Debug|Any CPU
		{5811DB14-41D5-47B1-9733-79BC0BC3D6CC}.Release|Any CPU.ActiveCfg = Release|Any CPU
		{5811DB14-41D5-47B1-9733-79BC0BC3D6CC}.Release|Any CPU.Build.0 = Release|Any CPU
	EndGlobalSection
	GlobalSection(SolutionProperties) = preSolution
		HideSolutionNode = FALSE
	EndGlobalSection
	GlobalSection(ExtensibilityGlobals) = postSolution
		SolutionGuid = {2939B845-F934-486D-B5A1-326EA69E7F06}
	EndGlobalSection
EndGlobal
