
Microsoft Visual Studio Solution File, Format Version 12.00
# Visual Studio Version 17
VisualStudioVersion = 17.4.33213.308
MinimumVisualStudioVersion = 10.0.40219.1
Project("{FAE04EC0-301F-11D3-BF4B-00C04F79EFBC}") = "ContainsDuplicate", "ContainsDuplicate\ContainsDuplicate.csproj", "{97CA7632-C362-47F1-9BD6-80A4174B6348}"
EndProject
Global
	GlobalSection(SolutionConfigurationPlatforms) = preSolution
		Debug|Any CPU = Debug|Any CPU
		Release|Any CPU = Release|Any CPU
	EndGlobalSection
	GlobalSection(ProjectConfigurationPlatforms) = postSolution
		{97CA7632-C362-47F1-9BD6-80A4174B6348}.Debug|Any CPU.ActiveCfg = Debug|Any CPU
		{97CA7632-C362-47F1-9BD6-80A4174B6348}.Debug|Any CPU.Build.0 = Debug|Any CPU
		{97CA7632-C362-47F1-9BD6-80A4174B6348}.Release|Any CPU.ActiveCfg = Release|Any CPU
		{97CA7632-C362-47F1-9BD6-80A4174B6348}.Release|Any CPU.Build.0 = Release|Any CPU
	EndGlobalSection
	GlobalSection(SolutionProperties) = preSolution
		HideSolutionNode = FALSE
	EndGlobalSection
	GlobalSection(ExtensibilityGlobals) = postSolution
		SolutionGuid = {C14E4DF4-769C-4B2D-ABF2-01889AFDBAC0}
	EndGlobalSection
EndGlobal
