
Microsoft Visual Studio Solution File, Format Version 12.00
# Visual Studio Version 17
VisualStudioVersion = 17.4.33213.308
MinimumVisualStudioVersion = 10.0.40219.1
Project("{FAE04EC0-301F-11D3-BF4B-00C04F79EFBC}") = "MissingNumbers", "MissingNumbers\MissingNumbers.csproj", "{5C4242AD-8BAF-442D-8F9A-DE1832197564}"
EndProject
Global
	GlobalSection(SolutionConfigurationPlatforms) = preSolution
		Debug|Any CPU = Debug|Any CPU
		Release|Any CPU = Release|Any CPU
	EndGlobalSection
	GlobalSection(ProjectConfigurationPlatforms) = postSolution
		{5C4242AD-8BAF-442D-8F9A-DE1832197564}.Debug|Any CPU.ActiveCfg = Debug|Any CPU
		{5C4242AD-8BAF-442D-8F9A-DE1832197564}.Debug|Any CPU.Build.0 = Debug|Any CPU
		{5C4242AD-8BAF-442D-8F9A-DE1832197564}.Release|Any CPU.ActiveCfg = Release|Any CPU
		{5C4242AD-8BAF-442D-8F9A-DE1832197564}.Release|Any CPU.Build.0 = Release|Any CPU
	EndGlobalSection
	GlobalSection(SolutionProperties) = preSolution
		HideSolutionNode = FALSE
	EndGlobalSection
	GlobalSection(ExtensibilityGlobals) = postSolution
		SolutionGuid = {5778DB34-F7A5-4B29-88E1-E3A750145098}
	EndGlobalSection
EndGlobal
