
Microsoft Visual Studio Solution File, Format Version 12.00
# Visual Studio Version 17
VisualStudioVersion = 17.4.33213.308
MinimumVisualStudioVersion = 10.0.40219.1
Project("{FAE04EC0-301F-11D3-BF4B-00C04F79EFBC}") = "ConsoleApp1", "ConsoleApp1\ConsoleApp1.csproj", "{98DF3F4B-56A1-475C-918E-597B3761FADB}"
EndProject
Global
	GlobalSection(SolutionConfigurationPlatforms) = preSolution
		Debug|Any CPU = Debug|Any CPU
		Release|Any CPU = Release|Any CPU
	EndGlobalSection
	GlobalSection(ProjectConfigurationPlatforms) = postSolution
		{98DF3F4B-56A1-475C-918E-597B3761FADB}.Debug|Any CPU.ActiveCfg = Debug|Any CPU
		{98DF3F4B-56A1-475C-918E-597B3761FADB}.Debug|Any CPU.Build.0 = Debug|Any CPU
		{98DF3F4B-56A1-475C-918E-597B3761FADB}.Release|Any CPU.ActiveCfg = Release|Any CPU
		{98DF3F4B-56A1-475C-918E-597B3761FADB}.Release|Any CPU.Build.0 = Release|Any CPU
	EndGlobalSection
	GlobalSection(SolutionProperties) = preSolution
		HideSolutionNode = FALSE
	EndGlobalSection
	GlobalSection(ExtensibilityGlobals) = postSolution
		SolutionGuid = {89B1331F-1290-4A29-ABF0-EA5BF6B94EA5}
	EndGlobalSection
EndGlobal
